
Microsoft Visual Studio Solution File, Format Version 12.00
# Visual Studio Version 17
VisualStudioVersion = 17.5.33516.290
MinimumVisualStudioVersion = 10.0.40219.1
Project("{9A19103F-16F7-4668-BE54-9A1E7A4F7556}") = "ncit2076", "ncit2076\ncit2076.csproj", "{3EDB7046-C2C9-47FE-B399-046C178A6245}"
EndProject
Project("{9A19103F-16F7-4668-BE54-9A1E7A4F7556}") = "Qus3", "Qus3\Qus3.csproj", "{7AFB6517-9927-4B70-8BF8-0F89A57293F3}"
EndProject
Project("{9A19103F-16F7-4668-BE54-9A1E7A4F7556}") = "Qus4", "Qus4\Qus4.csproj", "{48592038-8C6D-49C8-AB7D-F243BAD92395}"
EndProject
Project("{9A19103F-16F7-4668-BE54-9A1E7A4F7556}") = "Qus5", "Qus5\Qus5.csproj", "{51D3C070-7DC7-42AC-BFF0-13D9D8E8ECBF}"
EndProject
Project("{9A19103F-16F7-4668-BE54-9A1E7A4F7556}") = "Qus6", "Qus6\Qus6.csproj", "{CF7D2F74-3E9B-440C-872B-7F9D8498A084}"
EndProject
Project("{9A19103F-16F7-4668-BE54-9A1E7A4F7556}") = "Qus7", "Qus7\Qus7.csproj", "{45B6B614-94E9-4204-BFF8-7945B3C1FCB9}"
EndProject
Project("{9A19103F-16F7-4668-BE54-9A1E7A4F7556}") = "Qus8", "Qus8\Qus8.csproj", "{7B51C78B-C672-4034-B4D5-5184539877D5}"
EndProject
Project("{9A19103F-16F7-4668-BE54-9A1E7A4F7556}") = "Qus9", "Qus9\Qus9.csproj", "{B43517C8-85BF-4F3E-B8F3-EFA8F84B34C0}"
EndProject
Project("{9A19103F-16F7-4668-BE54-9A1E7A4F7556}") = "Qus10", "Qus10\Qus10.csproj", "{3E1A95AF-FFBE-461F-88D7-6276B4972D9A}"
EndProject
Project("{9A19103F-16F7-4668-BE54-9A1E7A4F7556}") = "Qus11", "Qus11\Qus11.csproj", "{7B16F4BC-DF76-487C-A08E-AD7CAFD134E3}"
EndProject
Project("{9A19103F-16F7-4668-BE54-9A1E7A4F7556}") = "Qus12", "Qus12\Qus12.csproj", "{3C73F9E8-259A-4F8B-A7EC-6CDC218DAC20}"
EndProject
Project("{9A19103F-16F7-4668-BE54-9A1E7A4F7556}") = "Qus13", "Qus13\Qus13.csproj", "{4D4617BF-BD47-4483-A395-C12C891FD023}"
EndProject
Project("{9A19103F-16F7-4668-BE54-9A1E7A4F7556}") = "Qus14", "Qus14\Qus14.csproj", "{F444CF68-DCF7-4CE5-A8CE-999FCB4E97F4}"
EndProject
Project("{9A19103F-16F7-4668-BE54-9A1E7A4F7556}") = "Qus15", "Qus15\Qus15.csproj", "{66785F6B-F166-474A-B92E-A1C913DDF5F2}"
EndProject
Project("{FAE04EC0-301F-11D3-BF4B-00C04F79EFBC}") = "Qus16", "Qus16\Qus16.csproj", "{235763DC-E20E-4E29-BB47-A333E1C3C40C}"
EndProject
Project("{FAE04EC0-301F-11D3-BF4B-00C04F79EFBC}") = "Qus17", "Qus17\Qus17.csproj", "{C57020B5-D0BC-4BDF-B46A-4CE858DA09EC}"
EndProject
Project("{FAE04EC0-301F-11D3-BF4B-00C04F79EFBC}") = "Qus18", "Qus18\Qus18.csproj", "{D99EBC10-A09A-46E9-A95A-DF39675F6917}"
EndProject
Global
	GlobalSection(SolutionConfigurationPlatforms) = preSolution
		Debug|Any CPU = Debug|Any CPU
		Release|Any CPU = Release|Any CPU
	EndGlobalSection
	GlobalSection(ProjectConfigurationPlatforms) = postSolution
		{3EDB7046-C2C9-47FE-B399-046C178A6245}.Debug|Any CPU.ActiveCfg = Debug|Any CPU
		{3EDB7046-C2C9-47FE-B399-046C178A6245}.Debug|Any CPU.Build.0 = Debug|Any CPU
		{3EDB7046-C2C9-47FE-B399-046C178A6245}.Release|Any CPU.ActiveCfg = Release|Any CPU
		{3EDB7046-C2C9-47FE-B399-046C178A6245}.Release|Any CPU.Build.0 = Release|Any CPU
		{7AFB6517-9927-4B70-8BF8-0F89A57293F3}.Debug|Any CPU.ActiveCfg = Debug|Any CPU
		{7AFB6517-9927-4B70-8BF8-0F89A57293F3}.Debug|Any CPU.Build.0 = Debug|Any CPU
		{7AFB6517-9927-4B70-8BF8-0F89A57293F3}.Release|Any CPU.ActiveCfg = Release|Any CPU
		{7AFB6517-9927-4B70-8BF8-0F89A57293F3}.Release|Any CPU.Build.0 = Release|Any CPU
		{48592038-8C6D-49C8-AB7D-F243BAD92395}.Debug|Any CPU.ActiveCfg = Debug|Any CPU
		{48592038-8C6D-49C8-AB7D-F243BAD92395}.Debug|Any CPU.Build.0 = Debug|Any CPU
		{48592038-8C6D-49C8-AB7D-F243BAD92395}.Release|Any CPU.ActiveCfg = Release|Any CPU
		{48592038-8C6D-49C8-AB7D-F243BAD92395}.Release|Any CPU.Build.0 = Release|Any CPU
		{51D3C070-7DC7-42AC-BFF0-13D9D8E8ECBF}.Debug|Any CPU.ActiveCfg = Debug|Any CPU
		{51D3C070-7DC7-42AC-BFF0-13D9D8E8ECBF}.Debug|Any CPU.Build.0 = Debug|Any CPU
		{51D3C070-7DC7-42AC-BFF0-13D9D8E8ECBF}.Release|Any CPU.ActiveCfg = Release|Any CPU
		{51D3C070-7DC7-42AC-BFF0-13D9D8E8ECBF}.Release|Any CPU.Build.0 = Release|Any CPU
		{CF7D2F74-3E9B-440C-872B-7F9D8498A084}.Debug|Any CPU.ActiveCfg = Debug|Any CPU
		{CF7D2F74-3E9B-440C-872B-7F9D8498A084}.Debug|Any CPU.Build.0 = Debug|Any CPU
		{CF7D2F74-3E9B-440C-872B-7F9D8498A084}.Release|Any CPU.ActiveCfg = Release|Any CPU
		{CF7D2F74-3E9B-440C-872B-7F9D8498A084}.Release|Any CPU.Build.0 = Release|Any CPU
		{45B6B614-94E9-4204-BFF8-7945B3C1FCB9}.Debug|Any CPU.ActiveCfg = Debug|Any CPU
		{45B6B614-94E9-4204-BFF8-7945B3C1FCB9}.Debug|Any CPU.Build.0 = Debug|Any CPU
		{45B6B614-94E9-4204-BFF8-7945B3C1FCB9}.Release|Any CPU.ActiveCfg = Release|Any CPU
		{45B6B614-94E9-4204-BFF8-7945B3C1FCB9}.Release|Any CPU.Build.0 = Release|Any CPU
		{7B51C78B-C672-4034-B4D5-5184539877D5}.Debug|Any CPU.ActiveCfg = Debug|Any CPU
		{7B51C78B-C672-4034-B4D5-5184539877D5}.Debug|Any CPU.Build.0 = Debug|Any CPU
		{7B51C78B-C672-4034-B4D5-5184539877D5}.Release|Any CPU.ActiveCfg = Release|Any CPU
		{7B51C78B-C672-4034-B4D5-5184539877D5}.Release|Any CPU.Build.0 = Release|Any CPU
		{B43517C8-85BF-4F3E-B8F3-EFA8F84B34C0}.Debug|Any CPU.ActiveCfg = Debug|Any CPU
		{B43517C8-85BF-4F3E-B8F3-EFA8F84B34C0}.Debug|Any CPU.Build.0 = Debug|Any CPU
		{B43517C8-85BF-4F3E-B8F3-EFA8F84B34C0}.Release|Any CPU.ActiveCfg = Release|Any CPU
		{B43517C8-85BF-4F3E-B8F3-EFA8F84B34C0}.Release|Any CPU.Build.0 = Release|Any CPU
		{3E1A95AF-FFBE-461F-88D7-6276B4972D9A}.Debug|Any CPU.ActiveCfg = Debug|Any CPU
		{3E1A95AF-FFBE-461F-88D7-6276B4972D9A}.Debug|Any CPU.Build.0 = Debug|Any CPU
		{3E1A95AF-FFBE-461F-88D7-6276B4972D9A}.Release|Any CPU.ActiveCfg = Release|Any CPU
		{3E1A95AF-FFBE-461F-88D7-6276B4972D9A}.Release|Any CPU.Build.0 = Release|Any CPU
		{7B16F4BC-DF76-487C-A08E-AD7CAFD134E3}.Debug|Any CPU.ActiveCfg = Debug|Any CPU
		{7B16F4BC-DF76-487C-A08E-AD7CAFD134E3}.Debug|Any CPU.Build.0 = Debug|Any CPU
		{7B16F4BC-DF76-487C-A08E-AD7CAFD134E3}.Release|Any CPU.ActiveCfg = Release|Any CPU
		{7B16F4BC-DF76-487C-A08E-AD7CAFD134E3}.Release|Any CPU.Build.0 = Release|Any CPU
		{3C73F9E8-259A-4F8B-A7EC-6CDC218DAC20}.Debug|Any CPU.ActiveCfg = Debug|Any CPU
		{3C73F9E8-259A-4F8B-A7EC-6CDC218DAC20}.Debug|Any CPU.Build.0 = Debug|Any CPU
		{3C73F9E8-259A-4F8B-A7EC-6CDC218DAC20}.Release|Any CPU.ActiveCfg = Release|Any CPU
		{3C73F9E8-259A-4F8B-A7EC-6CDC218DAC20}.Release|Any CPU.Build.0 = Release|Any CPU
		{4D4617BF-BD47-4483-A395-C12C891FD023}.Debug|Any CPU.ActiveCfg = Debug|Any CPU
		{4D4617BF-BD47-4483-A395-C12C891FD023}.Debug|Any CPU.Build.0 = Debug|Any CPU
		{4D4617BF-BD47-4483-A395-C12C891FD023}.Release|Any CPU.ActiveCfg = Release|Any CPU
		{4D4617BF-BD47-4483-A395-C12C891FD023}.Release|Any CPU.Build.0 = Release|Any CPU
		{F444CF68-DCF7-4CE5-A8CE-999FCB4E97F4}.Debug|Any CPU.ActiveCfg = Debug|Any CPU
		{F444CF68-DCF7-4CE5-A8CE-999FCB4E97F4}.Debug|Any CPU.Build.0 = Debug|Any CPU
		{F444CF68-DCF7-4CE5-A8CE-999FCB4E97F4}.Release|Any CPU.ActiveCfg = Release|Any CPU
		{F444CF68-DCF7-4CE5-A8CE-999FCB4E97F4}.Release|Any CPU.Build.0 = Release|Any CPU
		{66785F6B-F166-474A-B92E-A1C913DDF5F2}.Debug|Any CPU.ActiveCfg = Debug|Any CPU
		{66785F6B-F166-474A-B92E-A1C913DDF5F2}.Debug|Any CPU.Build.0 = Debug|Any CPU
		{66785F6B-F166-474A-B92E-A1C913DDF5F2}.Release|Any CPU.ActiveCfg = Release|Any CPU
		{66785F6B-F166-474A-B92E-A1C913DDF5F2}.Release|Any CPU.Build.0 = Release|Any CPU
		{235763DC-E20E-4E29-BB47-A333E1C3C40C}.Debug|Any CPU.ActiveCfg = Debug|Any CPU
		{235763DC-E20E-4E29-BB47-A333E1C3C40C}.Debug|Any CPU.Build.0 = Debug|Any CPU
		{235763DC-E20E-4E29-BB47-A333E1C3C40C}.Release|Any CPU.ActiveCfg = Release|Any CPU
		{235763DC-E20E-4E29-BB47-A333E1C3C40C}.Release|Any CPU.Build.0 = Release|Any CPU
		{C57020B5-D0BC-4BDF-B46A-4CE858DA09EC}.Debug|Any CPU.ActiveCfg = Debug|Any CPU
		{C57020B5-D0BC-4BDF-B46A-4CE858DA09EC}.Debug|Any CPU.Build.0 = Debug|Any CPU
		{C57020B5-D0BC-4BDF-B46A-4CE858DA09EC}.Release|Any CPU.ActiveCfg = Release|Any CPU
		{C57020B5-D0BC-4BDF-B46A-4CE858DA09EC}.Release|Any CPU.Build.0 = Release|Any CPU
		{D99EBC10-A09A-46E9-A95A-DF39675F6917}.Debug|Any CPU.ActiveCfg = Debug|Any CPU
		{D99EBC10-A09A-46E9-A95A-DF39675F6917}.Debug|Any CPU.Build.0 = Debug|Any CPU
		{D99EBC10-A09A-46E9-A95A-DF39675F6917}.Release|Any CPU.ActiveCfg = Release|Any CPU
		{D99EBC10-A09A-46E9-A95A-DF39675F6917}.Release|Any CPU.Build.0 = Release|Any CPU
	EndGlobalSection
	GlobalSection(SolutionProperties) = preSolution
		HideSolutionNode = FALSE
	EndGlobalSection
	GlobalSection(ExtensibilityGlobals) = postSolution
		SolutionGuid = {933B1EBD-5B0F-40A9-8ECC-E6A493FC5B7B}
	EndGlobalSection
EndGlobal
